
Microsoft Visual Studio Solution File, Format Version 12.00
# Visual Studio Version 17
VisualStudioVersion = 17.11.35222.181
MinimumVisualStudioVersion = 10.0.40219.1
Project("{FAE04EC0-301F-11D3-BF4B-00C04F79EFBC}") = "MaximTechC#", "MaximTechC#.csproj", "{95BFAFC4-01FA-4428-8157-C5696E9F8728}"
EndProject
Global
	GlobalSection(SolutionConfigurationPlatforms) = preSolution
		Debug|Any CPU = Debug|Any CPU
		Release|Any CPU = Release|Any CPU
	EndGlobalSection
	GlobalSection(ProjectConfigurationPlatforms) = postSolution
		{95BFAFC4-01FA-4428-8157-C5696E9F8728}.Debug|Any CPU.ActiveCfg = Debug|Any CPU
		{95BFAFC4-01FA-4428-8157-C5696E9F8728}.Debug|Any CPU.Build.0 = Debug|Any CPU
		{95BFAFC4-01FA-4428-8157-C5696E9F8728}.Release|Any CPU.ActiveCfg = Release|Any CPU
		{95BFAFC4-01FA-4428-8157-C5696E9F8728}.Release|Any CPU.Build.0 = Release|Any CPU
	EndGlobalSection
	GlobalSection(SolutionProperties) = preSolution
		HideSolutionNode = FALSE
	EndGlobalSection
	GlobalSection(ExtensibilityGlobals) = postSolution
		SolutionGuid = {D989A620-BE3A-40B3-99CF-152A83E835BC}
	EndGlobalSection
EndGlobal
